<?xml version="1.0" encoding="utf-8"?>
<Project ToolsVersion="4.0" xmlns="http://schemas.microsoft.com/developer/msbuild/2003">
  <ItemGroup>
    <Filter Include="Quelldateien">
      <UniqueIdentifier>{4FC737F1-C7A5-4376-A066-2A32D752A2FF}</UniqueIdentifier>
      <Extensions>cpp;c;cc;cxx;c++;cppm;ixx;def;odl;idl;hpj;bat;asm;asmx</Extensions>
    </Filter>
    <Filter Include="Headerdateien">
      <UniqueIdentifier>{93995380-89BD-4b04-88EB-625FBE52EBFB}</UniqueIdentifier>
      <Extensions>h;hh;hpp;hxx;h++;hm;inl;inc;ipp;xsd</Extensions>
    </Filter>
    <Filter Include="Ressourcendateien">
      <UniqueIdentifier>{67DA6AB6-F800-4c08-8B7A-83BB121AAD01}</UniqueIdentifier>
      <Extensions>rc;ico;cur;bmp;dlg;rc2;rct;bin;rgs;gif;jpg;jpeg;jpe;resx;tiff;tif;png;wav;mfcribbon-ms</Extensions>
    </Filter>
  </ItemGroup>
  <ItemGroup>
    <ClCompile Include="..\..\..\..\Downloads\01_hello_SDL\01_hello_SDL\MainLoop.cpp">
      <Filter>Quelldateien</Filter>
    </ClCompile>
    <ClCompile Include="SDL_Handler.cpp">
      <Filter>Quelldateien</Filter>
    </ClCompile>
    <ClCompile Include="Piece.cpp">
      <Filter>Quelldateien</Filter>
    </ClCompile>
    <ClCompile Include="Pawn.cpp">
      <Filter>Quelldateien</Filter>
    </ClCompile>
    <ClCompile Include="Rook.cpp">
      <Filter>Quelldateien</Filter>
    </ClCompile>
    <ClCompile Include="Knight.cpp">
      <Filter>Quelldateien</Filter>
    </ClCompile>
    <ClCompile Include="Bishop.cpp">
      <Filter>Quelldateien</Filter>
    </ClCompile>
    <ClCompile Include="King.cpp">
      <Filter>Quelldateien</Filter>
    </ClCompile>
    <ClCompile Include="Queen.cpp">
      <Filter>Quelldateien</Filter>
    </ClCompile>
    <ClCompile Include="Game.cpp">
      <Filter>Quelldateien</Filter>
    </ClCompile>
  </ItemGroup>
  <ItemGroup>
    <ClInclude Include="SDL_Handler.h">
      <Filter>Headerdateien</Filter>
    </ClInclude>
    <ClInclude Include="Piece.h">
      <Filter>Headerdateien</Filter>
    </ClInclude>
    <ClInclude Include="Pawn.h">
      <Filter>Headerdateien</Filter>
    </ClInclude>
    <ClInclude Include="Rook.h">
      <Filter>Headerdateien</Filter>
    </ClInclude>
    <ClInclude Include="Knight.h">
      <Filter>Headerdateien</Filter>
    </ClInclude>
    <ClInclude Include="Bishop.h">
      <Filter>Headerdateien</Filter>
    </ClInclude>
    <ClInclude Include="King.h">
      <Filter>Headerdateien</Filter>
    </ClInclude>
    <ClInclude Include="Queen.h">
      <Filter>Headerdateien</Filter>
    </ClInclude>
    <ClInclude Include="Game.h">
      <Filter>Headerdateien</Filter>
    </ClInclude>
  </ItemGroup>
  <ItemGroup>
    <Image Include="Bilder\background.png">
      <Filter>Ressourcendateien</Filter>
    </Image>
    <Image Include="Bilder\Chess_bdt60.png">
      <Filter>Ressourcendateien</Filter>
    </Image>
    <Image Include="Bilder\Chess_blt60.png">
      <Filter>Ressourcendateien</Filter>
    </Image>
    <Image Include="Bilder\Chess_kdt60.png">
      <Filter>Ressourcendateien</Filter>
    </Image>
    <Image Include="Bilder\Chess_klt60.png">
      <Filter>Ressourcendateien</Filter>
    </Image>
    <Image Include="Bilder\Chess_ndt60.png">
      <Filter>Ressourcendateien</Filter>
    </Image>
    <Image Include="Bilder\Chess_nlt60.png">
      <Filter>Ressourcendateien</Filter>
    </Image>
    <Image Include="Bilder\Chess_pdt60.png">
      <Filter>Ressourcendateien</Filter>
    </Image>
    <Image Include="Bilder\Chess_plt60.png">
      <Filter>Ressourcendateien</Filter>
    </Image>
    <Image Include="Bilder\Chess_qdt60.png">
      <Filter>Ressourcendateien</Filter>
    </Image>
    <Image Include="Bilder\Chess_qlt60.png">
      <Filter>Ressourcendateien</Filter>
    </Image>
    <Image Include="Bilder\Chess_rdt60.png">
      <Filter>Ressourcendateien</Filter>
    </Image>
    <Image Include="Bilder\Chess_rlt60.png">
      <Filter>Ressourcendateien</Filter>
    </Image>
  </ItemGroup>
</Project>